
Microsoft Visual Studio Solution File, Format Version 12.00
# Visual Studio Version 16
VisualStudioVersion = 16.0.31321.278
MinimumVisualStudioVersion = 10.0.40219.1
Project("{FAE04EC0-301F-11D3-BF4B-00C04F79EFBC}") = "Big_pack", "Big_pack.csproj", "{FDF4BB06-4C9E-4B23-A657-595799EA7EA7}"
EndProject
Global
	GlobalSection(SolutionConfigurationPlatforms) = preSolution
		Debug|Any CPU = Debug|Any CPU
		Release|Any CPU = Release|Any CPU
	EndGlobalSection
	GlobalSection(ProjectConfigurationPlatforms) = postSolution
		{FDF4BB06-4C9E-4B23-A657-595799EA7EA7}.Debug|Any CPU.ActiveCfg = Debug|Any CPU
		{FDF4BB06-4C9E-4B23-A657-595799EA7EA7}.Debug|Any CPU.Build.0 = Debug|Any CPU
		{FDF4BB06-4C9E-4B23-A657-595799EA7EA7}.Release|Any CPU.ActiveCfg = Release|Any CPU
		{FDF4BB06-4C9E-4B23-A657-595799EA7EA7}.Release|Any CPU.Build.0 = Release|Any CPU
	EndGlobalSection
	GlobalSection(SolutionProperties) = preSolution
		HideSolutionNode = FALSE
	EndGlobalSection
	GlobalSection(ExtensibilityGlobals) = postSolution
		SolutionGuid = {AEE31558-A6FC-4BA4-9267-EDE6D7D02861}
	EndGlobalSection
EndGlobal
