
Microsoft Visual Studio Solution File, Format Version 12.00
# Visual Studio Version 16
VisualStudioVersion = 16.0.31321.278
MinimumVisualStudioVersion = 10.0.40219.1
Project("{FAE04EC0-301F-11D3-BF4B-00C04F79EFBC}") = "WSUniversalLib", "WSUniversalLib.csproj", "{4E0837A4-88F3-4CBA-9AD3-8CC00ACE9857}"
EndProject
Global
	GlobalSection(SolutionConfigurationPlatforms) = preSolution
		Debug|Any CPU = Debug|Any CPU
		Release|Any CPU = Release|Any CPU
	EndGlobalSection
	GlobalSection(ProjectConfigurationPlatforms) = postSolution
		{4E0837A4-88F3-4CBA-9AD3-8CC00ACE9857}.Debug|Any CPU.ActiveCfg = Debug|Any CPU
		{4E0837A4-88F3-4CBA-9AD3-8CC00ACE9857}.Debug|Any CPU.Build.0 = Debug|Any CPU
		{4E0837A4-88F3-4CBA-9AD3-8CC00ACE9857}.Release|Any CPU.ActiveCfg = Release|Any CPU
		{4E0837A4-88F3-4CBA-9AD3-8CC00ACE9857}.Release|Any CPU.Build.0 = Release|Any CPU
	EndGlobalSection
	GlobalSection(SolutionProperties) = preSolution
		HideSolutionNode = FALSE
	EndGlobalSection
	GlobalSection(ExtensibilityGlobals) = postSolution
		SolutionGuid = {488D26A8-0760-4025-A686-B99B205F9D23}
	EndGlobalSection
EndGlobal
